// !$*UTF8*$!
{
	archiveVersion = 1;
	classes = {
	};
	objectVersion = 77;
	objects = {

/* Begin PBXBuildFile section */
		E33547C62F79B2C100C69E85 /* Sparkle in Frameworks */ = {isa = PBXBuildFile; productRef = E33547C52F79B2C100C69E85 /* Sparkle */; };
		E3E6919C2F7752E2007D2874 /* CoreMotion.framework in Frameworks */ = {isa = PBXBuildFile; fileRef = E3E6919A2F7752CA007D2874 /* CoreMotion.framework */; };
/* End PBXBuildFile section */

/* Begin PBXContainerItemProxy section */
		E3E691632F774DE5007D2874 /* PBXContainerItemProxy */ = {
			isa = PBXContainerItemProxy;
			containerPortal = E3E6914D2F774DE4007D2874 /* Project object */;
			proxyType = 1;
			remoteGlobalIDString = E3E691542F774DE4007D2874;
			remoteInfo = Slappy;
		};
		E3E6916D2F774DE5007D2874 /* PBXContainerItemProxy */ = {
			isa = PBXContainerItemProxy;
			containerPortal = E3E6914D2F774DE4007D2874 /* Project object */;
			proxyType = 1;
			remoteGlobalIDString = E3E691542F774DE4007D2874;
			remoteInfo = Slappy;
		};
/* End PBXContainerItemProxy section */

/* Begin PBXFileReference section */
		E3E691552F774DE4007D2874 /* Slappy.app */ = {isa = PBXFileReference; explicitFileType = wrapper.application; includeInIndex = 0; path = Slappy.app; sourceTree = BUILT_PRODUCTS_DIR; };
		E3E691622F774DE5007D2874 /* SlappyTests.xctest */ = {isa = PBXFileReference; explicitFileType = wrapper.cfbundle; includeInIndex = 0; path = SlappyTests.xctest; sourceTree = BUILT_PRODUCTS_DIR; };
		E3E6916C2F774DE5007D2874 /* SlappyUITests.xctest */ = {isa = PBXFileReference; explicitFileType = wrapper.cfbundle; includeInIndex = 0; path = SlappyUITests.xctest; sourceTree = BUILT_PRODUCTS_DIR; };
		E3E6919A2F7752CA007D2874 /* CoreMotion.framework */ = {isa = PBXFileReference; lastKnownFileType = wrapper.framework; name = CoreMotion.framework; path = System/Library/Frameworks/CoreMotion.framework; sourceTree = SDKROOT; };
/* End PBXFileReference section */

/* Begin PBXFileSystemSynchronizedRootGroup section */
		E3E691572F774DE4007D2874 /* Slappy */ = {
			isa = PBXFileSystemSynchronizedRootGroup;
			path = Slappy;
			sourceTree = "<group>";
		};
		E3E691652F774DE5007D2874 /* SlappyTests */ = {
			isa = PBXFileSystemSynchronizedRootGroup;
			path = SlappyTests;
			sourceTree = "<group>";
		};
		E3E6916F2F774DE5007D2874 /* SlappyUITests */ = {
			isa = PBXFileSystemSynchronizedRootGroup;
			path = SlappyUITests;
			sourceTree = "<group>";
		};
/* End PBXFileSystemSynchronizedRootGroup section */

/* Begin PBXFrameworksBuildPhase section */
		E3E691522F774DE4007D2874 /* Frameworks */ = {
			isa = PBXFrameworksBuildPhase;
			buildActionMask = 2147483647;
			files = (
				E3E6919C2F7752E2007D2874 /* CoreMotion.framework in Frameworks */,
				E33547C62F79B2C100C69E85 /* Sparkle in Frameworks */,
			);
			runOnlyForDeploymentPostprocessing = 0;
		};
		E3E6915F2F774DE5007D2874 /* Frameworks */ = {
			isa = PBXFrameworksBuildPhase;
			buildActionMask = 2147483647;
			files = (
			);
			runOnlyForDeploymentPostprocessing = 0;
		};
		E3E691692F774DE5007D2874 /* Frameworks */ = {
			isa = PBXFrameworksBuildPhase;
			buildActionMask = 2147483647;
			files = (
			);
			runOnlyForDeploymentPostprocessing = 0;
		};
/* End PBXFrameworksBuildPhase section */

/* Begin PBXGroup section */
		E3E6914C2F774DE4007D2874 = {
			isa = PBXGroup;
			children = (
				E3E691572F774DE4007D2874 /* Slappy */,
				E3E691652F774DE5007D2874 /* SlappyTests */,
				E3E6916F2F774DE5007D2874 /* SlappyUITests */,
				E3E691992F7752CA007D2874 /* Frameworks */,
				E3E691562F774DE4007D2874 /* Products */,
			);
			sourceTree = "<group>";
		};
		E3E691562F774DE4007D2874 /* Products */ = {
			isa = PBXGroup;
			children = (
				E3E691552F774DE4007D2874 /* Slappy.app */,
				E3E691622F774DE5007D2874 /* SlappyTests.xctest */,
				E3E6916C2F774DE5007D2874 /* SlappyUITests.xctest */,
			);
			name = Products;
			sourceTree = "<group>";
		};
		E3E691992F7752CA007D2874 /* Frameworks */ = {
			isa = PBXGroup;
			children = (
				E3E6919A2F7752CA007D2874 /* CoreMotion.framework */,
			);
			name = Frameworks;
			sourceTree = "<group>";
		};
/* End PBXGroup section */

/* Begin PBXNativeTarget section */
		E3E691542F774DE4007D2874 /* Slappy */ = {
			isa = PBXNativeTarget;
			buildConfigurationList = E3E691762F774DE5007D2874 /* Build configuration list for PBXNativeTarget "Slappy" */;
			buildPhases = (
				E3E691512F774DE4007D2874 /* Sources */,
				E3E691522F774DE4007D2874 /* Frameworks */,
				E3E691532F774DE4007D2874 /* Resources */,
			);
			buildRules = (
			);
			dependencies = (
			);
			fileSystemSynchronizedGroups = (
				E3E691572F774DE4007D2874 /* Slappy */,
			);
			name = Slappy;
			packageProductDependencies = (
				E33547C52F79B2C100C69E85 /* Sparkle */,
			);
			productName = Slappy;
			productReference = E3E691552F774DE4007D2874 /* Slappy.app */;
			productType = "com.apple.product-type.application";
		};
		E3E691612F774DE5007D2874 /* SlappyTests */ = {
			isa = PBXNativeTarget;
			buildConfigurationList = E3E691792F774DE5007D2874 /* Build configuration list for PBXNativeTarget "SlappyTests" */;
			buildPhases = (
				E3E6915E2F774DE5007D2874 /* Sources */,
				E3E6915F2F774DE5007D2874 /* Frameworks */,
				E3E691602F774DE5007D2874 /* Resources */,
			);
			buildRules = (
			);
			dependencies = (
				E3E691642F774DE5007D2874 /* PBXTargetDependency */,
			);
			fileSystemSynchronizedGroups = (
				E3E691652F774DE5007D2874 /* SlappyTests */,
			);
			name = SlappyTests;
			packageProductDependencies = (
			);
			productName = SlappyTests;
			productReference = E3E691622F774DE5007D2874 /* SlappyTests.xctest */;
			productType = "com.apple.product-type.bundle.unit-test";
		};
		E3E6916B2F774DE5007D2874 /* SlappyUITests */ = {
			isa = PBXNativeTarget;
			buildConfigurationList = E3E6917C2F774DE5007D2874 /* Build configuration list for PBXNativeTarget "SlappyUITests" */;
			buildPhases = (
				E3E691682F774DE5007D2874 /* Sources */,
				E3E691692F774DE5007D2874 /* Frameworks */,
				E3E6916A2F774DE5007D2874 /* Resources */,
			);
			buildRules = (
			);
			dependencies = (
				E3E6916E2F774DE5007D2874 /* PBXTargetDependency */,
			);
			fileSystemSynchronizedGroups = (
				E3E6916F2F774DE5007D2874 /* SlappyUITests */,
			);
			name = SlappyUITests;
			packageProductDependencies = (
			);
			productName = SlappyUITests;
			productReference = E3E6916C2F774DE5007D2874 /* SlappyUITests.xctest */;
			productType = "com.apple.product-type.bundle.ui-testing";
		};
/* End PBXNativeTarget section */

/* Begin PBXProject section */
		E3E6914D2F774DE4007D2874 /* Project object */ = {
			isa = PBXProject;
			attributes = {
				BuildIndependentTargetsInParallel = 1;
				LastSwiftUpdateCheck = 2640;
				LastUpgradeCheck = 2640;
				TargetAttributes = {
					E3E691542F774DE4007D2874 = {
						CreatedOnToolsVersion = 26.4;
					};
					E3E691612F774DE5007D2874 = {
						CreatedOnToolsVersion = 26.4;
						TestTargetID = E3E691542F774DE4007D2874;
					};
					E3E6916B2F774DE5007D2874 = {
						CreatedOnToolsVersion = 26.4;
						TestTargetID = E3E691542F774DE4007D2874;
					};
				};
			};
			buildConfigurationList = E3E691502F774DE4007D2874 /* Build configuration list for PBXProject "Slappy" */;
			developmentRegion = en;
			hasScannedForEncodings = 0;
			knownRegions = (
				en,
				Base,
			);
			mainGroup = E3E6914C2F774DE4007D2874;
			minimizedProjectReferenceProxies = 1;
			packageReferences = (
				E33547C42F79B2C100C69E85 /* XCRemoteSwiftPackageReference "Sparkle" */,
			);
			preferredProjectObjectVersion = 77;
			productRefGroup = E3E691562F774DE4007D2874 /* Products */;
			projectDirPath = "";
			projectRoot = "";
			targets = (
				E3E691542F774DE4007D2874 /* Slappy */,
				E3E691612F774DE5007D2874 /* SlappyTests */,
				E3E6916B2F774DE5007D2874 /* SlappyUITests */,
			);
		};
/* End PBXProject section */

/* Begin PBXResourcesBuildPhase section */
		E3E691532F774DE4007D2874 /* Resources */ = {
			isa = PBXResourcesBuildPhase;
			buildActionMask = 2147483647;
			files = (
			);
			runOnlyForDeploymentPostprocessing = 0;
		};
		E3E691602F774DE5007D2874 /* Resources */ = {
			isa = PBXResourcesBuildPhase;
			buildActionMask = 2147483647;
			files = (
			);
			runOnlyForDeploymentPostprocessing = 0;
		};
		E3E6916A2F774DE5007D2874 /* Resources */ = {
			isa = PBXResourcesBuildPhase;
			buildActionMask = 2147483647;
			files = (
			);
			runOnlyForDeploymentPostprocessing = 0;
		};
/* End PBXResourcesBuildPhase section */

/* Begin PBXSourcesBuildPhase section */
		E3E691512F774DE4007D2874 /* Sources */ = {
			isa = PBXSourcesBuildPhase;
			buildActionMask = 2147483647;
			files = (
			);
			runOnlyForDeploymentPostprocessing = 0;
		};
		E3E6915E2F774DE5007D2874 /* Sources */ = {
			isa = PBXSourcesBuildPhase;
			buildActionMask = 2147483647;
			files = (
			);
			runOnlyForDeploymentPostprocessing = 0;
		};
		E3E691682F774DE5007D2874 /* Sources */ = {
			isa = PBXSourcesBuildPhase;
			buildActionMask = 2147483647;
			files = (
			);
			runOnlyForDeploymentPostprocessing = 0;
		};
/* End PBXSourcesBuildPhase section */

/* Begin PBXTargetDependency section */
		E3E691642F774DE5007D2874 /* PBXTargetDependency */ = {
			isa = PBXTargetDependency;
			target = E3E691542F774DE4007D2874 /* Slappy */;
			targetProxy = E3E691632F774DE5007D2874 /* PBXContainerItemProxy */;
		};
		E3E6916E2F774DE5007D2874 /* PBXTargetDependency */ = {
			isa = PBXTargetDependency;
			target = E3E691542F774DE4007D2874 /* Slappy */;
			targetProxy = E3E6916D2F774DE5007D2874 /* PBXContainerItemProxy */;
		};
/* End PBXTargetDependency section */

/* Begin XCBuildConfiguration section */
		E3E691742F774DE5007D2874 /* Debug */ = {
			isa = XCBuildConfiguration;
			buildSettings = {
				ALWAYS_SEARCH_USER_PATHS = NO;
				ASSETCATALOG_COMPILER_GENERATE_SWIFT_ASSET_SYMBOL_EXTENSIONS = YES;
				CLANG_ANALYZER_NONNULL = YES;
				CLANG_ANALYZER_NUMBER_OBJECT_CONVERSION = YES_AGGRESSIVE;
				CLANG_CXX_LANGUAGE_STANDARD = "gnu++20";
				CLANG_ENABLE_MODULES = YES;
				CLANG_ENABLE_OBJC_ARC = YES;
				CLANG_ENABLE_OBJC_WEAK = YES;
				CLANG_WARN_BLOCK_CAPTURE_AUTORELEASING = YES;
				CLANG_WARN_BOOL_CONVERSION = YES;
				CLANG_WARN_COMMA = YES;
				CLANG_WARN_CONSTANT_CONVERSION = YES;
				CLANG_WARN_DEPRECATED_OBJC_IMPLEMENTATIONS = YES;
				CLANG_WARN_DIRECT_OBJC_ISA_USAGE = YES_ERROR;
				CLANG_WARN_DOCUMENTATION_COMMENTS = YES;
				CLANG_WARN_EMPTY_BODY = YES;
				CLANG_WARN_ENUM_CONVERSION = YES;
				CLANG_WARN_INFINITE_RECURSION = YES;
				CLANG_WARN_INT_CONVERSION = YES;
				CLANG_WARN_NON_LITERAL_NULL_CONVERSION = YES;
				CLANG_WARN_OBJC_IMPLICIT_RETAIN_SELF = YES;
				CLANG_WARN_OBJC_LITERAL_CONVERSION = YES;
				CLANG_WARN_OBJC_ROOT_CLASS = YES_ERROR;
				CLANG_WARN_QUOTED_INCLUDE_IN_FRAMEWORK_HEADER = YES;
				CLANG_WARN_RANGE_LOOP_ANALYSIS = YES;
				CLANG_WARN_STRICT_PROTOTYPES = YES;
				CLANG_WARN_SUSPICIOUS_MOVE = YES;
				CLANG_WARN_UNGUARDED_AVAILABILITY = YES_AGGRESSIVE;
				CLANG_WARN_UNREACHABLE_CODE = YES;
				CLANG_WARN__DUPLICATE_METHOD_MATCH = YES;
				COPY_PHASE_STRIP = NO;
				DEBUG_INFORMATION_FORMAT = dwarf;
				ENABLE_STRICT_OBJC_MSGSEND = YES;
				ENABLE_TESTABILITY = YES;
				ENABLE_USER_SCRIPT_SANDBOXING = YES;
				GCC_C_LANGUAGE_STANDARD = gnu17;
				GCC_DYNAMIC_NO_PIC = NO;
				GCC_NO_COMMON_BLOCKS = YES;
				GCC_OPTIMIZATION_LEVEL = 0;
				GCC_PREPROCESSOR_DEFINITIONS = (
					"DEBUG=1",
					"$(inherited)",
				);
				GCC_WARN_64_TO_32_BIT_CONVERSION = YES;
				GCC_WARN_ABOUT_RETURN_TYPE = YES_ERROR;
				GCC_WARN_UNDECLARED_SELECTOR = YES;
				GCC_WARN_UNINITIALIZED_AUTOS = YES_AGGRESSIVE;
				GCC_WARN_UNUSED_FUNCTION = YES;
				GCC_WARN_UNUSED_VARIABLE = YES;
				LOCALIZATION_PREFERS_STRING_CATALOGS = YES;
				MACOSX_DEPLOYMENT_TARGET = 26.0;
				MTL_ENABLE_DEBUG_INFO = INCLUDE_SOURCE;
				MTL_FAST_MATH = YES;
				ONLY_ACTIVE_ARCH = YES;
				SDKROOT = macosx;
				SWIFT_ACTIVE_COMPILATION_CONDITIONS = "DEBUG $(inherited)";
				SWIFT_OPTIMIZATION_LEVEL = "-Onone";
			};
			name = Debug;
		};
		E3E691752F774DE5007D2874 /* Release */ = {
			isa = XCBuildConfiguration;
			buildSettings = {
				ALWAYS_SEARCH_USER_PATHS = NO;
				ASSETCATALOG_COMPILER_GENERATE_SWIFT_ASSET_SYMBOL_EXTENSIONS = YES;
				CLANG_ANALYZER_NONNULL = YES;
				CLANG_ANALYZER_NUMBER_OBJECT_CONVERSION = YES_AGGRESSIVE;
				CLANG_CXX_LANGUAGE_STANDARD = "gnu++20";
				CLANG_ENABLE_MODULES = YES;
				CLANG_ENABLE_OBJC_ARC = YES;
				CLANG_ENABLE_OBJC_WEAK = YES;
				CLANG_WARN_BLOCK_CAPTURE_AUTORELEASING = YES;
				CLANG_WARN_BOOL_CONVERSION = YES;
				CLANG_WARN_COMMA = YES;
				CLANG_WARN_CONSTANT_CONVERSION = YES;
				CLANG_WARN_DEPRECATED_OBJC_IMPLEMENTATIONS = YES;
				CLANG_WARN_DIRECT_OBJC_ISA_USAGE = YES_ERROR;
				CLANG_WARN_DOCUMENTATION_COMMENTS = YES;
				CLANG_WARN_EMPTY_BODY = YES;
				CLANG_WARN_ENUM_CONVERSION = YES;
				CLANG_WARN_INFINITE_RECURSION = YES;
				CLANG_WARN_INT_CONVERSION = YES;
				CLANG_WARN_NON_LITERAL_NULL_CONVERSION = YES;
				CLANG_WARN_OBJC_IMPLICIT_RETAIN_SELF = YES;
				CLANG_WARN_OBJC_LITERAL_CONVERSION = YES;
				CLANG_WARN_OBJC_ROOT_CLASS = YES_ERROR;
				CLANG_WARN_QUOTED_INCLUDE_IN_FRAMEWORK_HEADER = YES;
				CLANG_WARN_RANGE_LOOP_ANALYSIS = YES;
				CLANG_WARN_STRICT_PROTOTYPES = YES;
				CLANG_WARN_SUSPICIOUS_MOVE = YES;
				CLANG_WARN_UNGUARDED_AVAILABILITY = YES_AGGRESSIVE;
				CLANG_WARN_UNREACHABLE_CODE = YES;
				CLANG_WARN__DUPLICATE_METHOD_MATCH = YES;
				COPY_PHASE_STRIP = NO;
				DEBUG_INFORMATION_FORMAT = "dwarf-with-dsym";
				ENABLE_NS_ASSERTIONS = NO;
				ENABLE_STRICT_OBJC_MSGSEND = YES;
				ENABLE_USER_SCRIPT_SANDBOXING = YES;
				GCC_C_LANGUAGE_STANDARD = gnu17;
				GCC_NO_COMMON_BLOCKS = YES;
				GCC_WARN_64_TO_32_BIT_CONVERSION = YES;
				GCC_WARN_ABOUT_RETURN_TYPE = YES_ERROR;
				GCC_WARN_UNDECLARED_SELECTOR = YES;
				GCC_WARN_UNINITIALIZED_AUTOS = YES_AGGRESSIVE;
				GCC_WARN_UNUSED_FUNCTION = YES;
				GCC_WARN_UNUSED_VARIABLE = YES;
				LOCALIZATION_PREFERS_STRING_CATALOGS = YES;
				MACOSX_DEPLOYMENT_TARGET = 26.0;
				MTL_ENABLE_DEBUG_INFO = NO;
				MTL_FAST_MATH = YES;
				SDKROOT = macosx;
				SWIFT_COMPILATION_MODE = wholemodule;
			};
			name = Release;
		};
		E3E691772F774DE5007D2874 /* Debug */ = {
			isa = XCBuildConfiguration;
			buildSettings = {
				ASSETCATALOG_COMPILER_APPICON_NAME = AppIcon;
				ASSETCATALOG_COMPILER_GLOBAL_ACCENT_COLOR_NAME = AccentColor;
				ASSETCATALOG_COMPILER_INCLUDE_ALL_APPICON_ASSETS = NO;
				CODE_SIGN_STYLE = Automatic;
				COMBINE_HIDPI_IMAGES = YES;
				CURRENT_PROJECT_VERSION = 3;
				DEVELOPMENT_TEAM = MF452AV7JC;
				ENABLE_APP_SANDBOX = NO;
				ENABLE_HARDENED_RUNTIME = YES;
				ENABLE_PREVIEWS = YES;
				GENERATE_INFOPLIST_FILE = NO;
				INFOPLIST_FILE = "Slappy/Info.plist";
				LD_RUNPATH_SEARCH_PATHS = (
					"$(inherited)",
					"@executable_path/../Frameworks",
				);
				MARKETING_VERSION = 1.3;
				PRODUCT_BUNDLE_IDENTIFIER = com.slapppy.app;
				PRODUCT_NAME = "$(TARGET_NAME)";
				STRING_CATALOG_GENERATE_SYMBOLS = YES;
				SWIFT_APPROACHABLE_CONCURRENCY = YES;
				SWIFT_DEFAULT_ACTOR_ISOLATION = MainActor;
				SWIFT_EMIT_LOC_STRINGS = YES;
				SWIFT_UPCOMING_FEATURE_MEMBER_IMPORT_VISIBILITY = YES;
				SWIFT_VERSION = 5.0;
			};
			name = Debug;
		};
		E3E691782F774DE5007D2874 /* Release */ = {
			isa = XCBuildConfiguration;
			buildSettings = {
				ASSETCATALOG_COMPILER_APPICON_NAME = AppIcon;
				ASSETCATALOG_COMPILER_GLOBAL_ACCENT_COLOR_NAME = AccentColor;
				ASSETCATALOG_COMPILER_INCLUDE_ALL_APPICON_ASSETS = NO;
				CODE_SIGN_STYLE = Automatic;
				COMBINE_HIDPI_IMAGES = YES;
				CURRENT_PROJECT_VERSION = 3;
				DEVELOPMENT_TEAM = MF452AV7JC;
				ENABLE_APP_SANDBOX = NO;
				ENABLE_HARDENED_RUNTIME = YES;
				ENABLE_PREVIEWS = YES;
				GENERATE_INFOPLIST_FILE = NO;
				INFOPLIST_FILE = "Slappy/Info.plist";
				LD_RUNPATH_SEARCH_PATHS = (
					"$(inherited)",
					"@executable_path/../Frameworks",
				);
				MARKETING_VERSION = 1.3;
				PRODUCT_BUNDLE_IDENTIFIER = com.slapppy.app;
				PRODUCT_NAME = "$(TARGET_NAME)";
				STRING_CATALOG_GENERATE_SYMBOLS = YES;
				SWIFT_APPROACHABLE_CONCURRENCY = YES;
				SWIFT_DEFAULT_ACTOR_ISOLATION = MainActor;
				SWIFT_EMIT_LOC_STRINGS = YES;
				SWIFT_UPCOMING_FEATURE_MEMBER_IMPORT_VISIBILITY = YES;
				SWIFT_VERSION = 5.0;
			};
			name = Release;
		};
		E3E6917A2F774DE5007D2874 /* Debug */ = {
			isa = XCBuildConfiguration;
			buildSettings = {
				BUNDLE_LOADER = "$(TEST_HOST)";
				CODE_SIGN_STYLE = Automatic;
				CURRENT_PROJECT_VERSION = 3;
				GENERATE_INFOPLIST_FILE = YES;
				MACOSX_DEPLOYMENT_TARGET = 26.0;
				MARKETING_VERSION = 1.3;
				PRODUCT_BUNDLE_IDENTIFIER = com.slapppy.appTests;
				PRODUCT_NAME = "$(TARGET_NAME)";
				STRING_CATALOG_GENERATE_SYMBOLS = NO;
				SWIFT_APPROACHABLE_CONCURRENCY = YES;
				SWIFT_EMIT_LOC_STRINGS = NO;
				SWIFT_UPCOMING_FEATURE_MEMBER_IMPORT_VISIBILITY = YES;
				SWIFT_VERSION = 5.0;
				TEST_HOST = "$(BUILT_PRODUCTS_DIR)/Slappy.app/$(BUNDLE_EXECUTABLE_FOLDER_PATH)/Slappy";
			};
			name = Debug;
		};
		E3E6917B2F774DE5007D2874 /* Release */ = {
			isa = XCBuildConfiguration;
			buildSettings = {
				BUNDLE_LOADER = "$(TEST_HOST)";
				CODE_SIGN_STYLE = Automatic;
				CURRENT_PROJECT_VERSION = 3;
				GENERATE_INFOPLIST_FILE = YES;
				MACOSX_DEPLOYMENT_TARGET = 26.0;
				MARKETING_VERSION = 1.3;
				PRODUCT_BUNDLE_IDENTIFIER = com.slapppy.appTests;
				PRODUCT_NAME = "$(TARGET_NAME)";
				STRING_CATALOG_GENERATE_SYMBOLS = NO;
				SWIFT_APPROACHABLE_CONCURRENCY = YES;
				SWIFT_EMIT_LOC_STRINGS = NO;
				SWIFT_UPCOMING_FEATURE_MEMBER_IMPORT_VISIBILITY = YES;
				SWIFT_VERSION = 5.0;
				TEST_HOST = "$(BUILT_PRODUCTS_DIR)/Slappy.app/$(BUNDLE_EXECUTABLE_FOLDER_PATH)/Slappy";
			};
			name = Release;
		};
		E3E6917D2F774DE5007D2874 /* Debug */ = {
			isa = XCBuildConfiguration;
			buildSettings = {
				CODE_SIGN_STYLE = Automatic;
				CURRENT_PROJECT_VERSION = 3;
				GENERATE_INFOPLIST_FILE = YES;
				MARKETING_VERSION = 1.3;
				PRODUCT_BUNDLE_IDENTIFIER = com.slapppy.appUITests;
				PRODUCT_NAME = "$(TARGET_NAME)";
				STRING_CATALOG_GENERATE_SYMBOLS = NO;
				SWIFT_APPROACHABLE_CONCURRENCY = YES;
				SWIFT_EMIT_LOC_STRINGS = NO;
				SWIFT_UPCOMING_FEATURE_MEMBER_IMPORT_VISIBILITY = YES;
				SWIFT_VERSION = 5.0;
				TEST_TARGET_NAME = Slappy;
			};
			name = Debug;
		};
		E3E6917E2F774DE5007D2874 /* Release */ = {
			isa = XCBuildConfiguration;
			buildSettings = {
				CODE_SIGN_STYLE = Automatic;
				CURRENT_PROJECT_VERSION = 3;
				GENERATE_INFOPLIST_FILE = YES;
				MARKETING_VERSION = 1.3;
				PRODUCT_BUNDLE_IDENTIFIER = com.slapppy.appUITests;
				PRODUCT_NAME = "$(TARGET_NAME)";
				STRING_CATALOG_GENERATE_SYMBOLS = NO;
				SWIFT_APPROACHABLE_CONCURRENCY = YES;
				SWIFT_EMIT_LOC_STRINGS = NO;
				SWIFT_UPCOMING_FEATURE_MEMBER_IMPORT_VISIBILITY = YES;
				SWIFT_VERSION = 5.0;
				TEST_TARGET_NAME = Slappy;
			};
			name = Release;
		};
/* End XCBuildConfiguration section */

/* Begin XCConfigurationList section */
		E3E691502F774DE4007D2874 /* Build configuration list for PBXProject "Slappy" */ = {
			isa = XCConfigurationList;
			buildConfigurations = (
				E3E691742F774DE5007D2874 /* Debug */,
				E3E691752F774DE5007D2874 /* Release */,
			);
			defaultConfigurationIsVisible = 0;
			defaultConfigurationName = Release;
		};
		E3E691762F774DE5007D2874 /* Build configuration list for PBXNativeTarget "Slappy" */ = {
			isa = XCConfigurationList;
			buildConfigurations = (
				E3E691772F774DE5007D2874 /* Debug */,
				E3E691782F774DE5007D2874 /* Release */,
			);
			defaultConfigurationIsVisible = 0;
			defaultConfigurationName = Release;
		};
		E3E691792F774DE5007D2874 /* Build configuration list for PBXNativeTarget "SlappyTests" */ = {
			isa = XCConfigurationList;
			buildConfigurations = (
				E3E6917A2F774DE5007D2874 /* Debug */,
				E3E6917B2F774DE5007D2874 /* Release */,
			);
			defaultConfigurationIsVisible = 0;
			defaultConfigurationName = Release;
		};
		E3E6917C2F774DE5007D2874 /* Build configuration list for PBXNativeTarget "SlappyUITests" */ = {
			isa = XCConfigurationList;
			buildConfigurations = (
				E3E6917D2F774DE5007D2874 /* Debug */,
				E3E6917E2F774DE5007D2874 /* Release */,
			);
			defaultConfigurationIsVisible = 0;
			defaultConfigurationName = Release;
		};
/* End XCConfigurationList section */

/* Begin XCRemoteSwiftPackageReference section */
		E33547C42F79B2C100C69E85 /* XCRemoteSwiftPackageReference "Sparkle" */ = {
			isa = XCRemoteSwiftPackageReference;
			repositoryURL = "https://github.com/sparkle-project/Sparkle";
			requirement = {
				kind = upToNextMajorVersion;
				minimumVersion = 2.9.0;
			};
		};
/* End XCRemoteSwiftPackageReference section */

/* Begin XCSwiftPackageProductDependency section */
		E33547C52F79B2C100C69E85 /* Sparkle */ = {
			isa = XCSwiftPackageProductDependency;
			package = E33547C42F79B2C100C69E85 /* XCRemoteSwiftPackageReference "Sparkle" */;
			productName = Sparkle;
		};
/* End XCSwiftPackageProductDependency section */
	};
	rootObject = E3E6914D2F774DE4007D2874 /* Project object */;
}
